
Microsoft Visual Studio Solution File, Format Version 12.00
# Visual Studio 15
VisualStudioVersion = 15.0.28010.2046
MinimumVisualStudioVersion = 10.0.40219.1
Project("{FAE04EC0-301F-11D3-BF4B-00C04F79EFBC}") = "FireAlarmSystem", "FireAlarmSystem\FireAlarmSystem.csproj", "{C9E5EB59-05EB-4384-8B48-C8777CAC3054}"
EndProject
Project("{FAE04EC0-301F-11D3-BF4B-00C04F79EFBC}") = "FireAlarmSystem.Tests", "FireAlarmSystem.Tests\FireAlarmSystem.Tests.csproj", "{E5863E32-8DAC-4D34-92E9-F9852068BA58}"
EndProject
Global
	GlobalSection(SolutionConfigurationPlatforms) = preSolution
		Debug|Any CPU = Debug|Any CPU
		Release|Any CPU = Release|Any CPU
	EndGlobalSection
	GlobalSection(ProjectConfigurationPlatforms) = postSolution
		{C9E5EB59-05EB-4384-8B48-C8777CAC3054}.Debug|Any CPU.ActiveCfg = Debug|Any CPU
		{C9E5EB59-05EB-4384-8B48-C8777CAC3054}.Debug|Any CPU.Build.0 = Debug|Any CPU
		{C9E5EB59-05EB-4384-8B48-C8777CAC3054}.Release|Any CPU.ActiveCfg = Release|Any CPU
		{C9E5EB59-05EB-4384-8B48-C8777CAC3054}.Release|Any CPU.Build.0 = Release|Any CPU
		{E5863E32-8DAC-4D34-92E9-F9852068BA58}.Debug|Any CPU.ActiveCfg = Debug|Any CPU
		{E5863E32-8DAC-4D34-92E9-F9852068BA58}.Debug|Any CPU.Build.0 = Debug|Any CPU
		{E5863E32-8DAC-4D34-92E9-F9852068BA58}.Release|Any CPU.ActiveCfg = Release|Any CPU
		{E5863E32-8DAC-4D34-92E9-F9852068BA58}.Release|Any CPU.Build.0 = Release|Any CPU
	EndGlobalSection
	GlobalSection(SolutionProperties) = preSolution
		HideSolutionNode = FALSE
	EndGlobalSection
	GlobalSection(ExtensibilityGlobals) = postSolution
		SolutionGuid = {0D4A4062-7C3D-4036-8B53-E01B04930D49}
	EndGlobalSection
EndGlobal
